
Microsoft Visual Studio Solution File, Format Version 12.00
# Visual Studio Version 17
VisualStudioVersion = 17.2.32616.157
MinimumVisualStudioVersion = 10.0.40219.1
Project("{FAE04EC0-301F-11D3-BF4B-00C04F79EFBC}") = "Say Hello", "Say Hello\Say Hello.csproj", "{538FF2AB-2FFB-46AA-B928-3E1316C42D9C}"
EndProject
Global
	GlobalSection(SolutionConfigurationPlatforms) = preSolution
		Debug|Any CPU = Debug|Any CPU
		Release|Any CPU = Release|Any CPU
	EndGlobalSection
	GlobalSection(ProjectConfigurationPlatforms) = postSolution
		{538FF2AB-2FFB-46AA-B928-3E1316C42D9C}.Debug|Any CPU.ActiveCfg = Debug|Any CPU
		{538FF2AB-2FFB-46AA-B928-3E1316C42D9C}.Debug|Any CPU.Build.0 = Debug|Any CPU
		{538FF2AB-2FFB-46AA-B928-3E1316C42D9C}.Release|Any CPU.ActiveCfg = Release|Any CPU
		{538FF2AB-2FFB-46AA-B928-3E1316C42D9C}.Release|Any CPU.Build.0 = Release|Any CPU
	EndGlobalSection
	GlobalSection(SolutionProperties) = preSolution
		HideSolutionNode = FALSE
	EndGlobalSection
	GlobalSection(ExtensibilityGlobals) = postSolution
		SolutionGuid = {8FCAAAC6-E9E9-451F-871F-98BA0E444400}
	EndGlobalSection
EndGlobal
